{
  "projects": [
    {
      "projectId": "4i89zEd2mZSwh8sdV1ACi1",
      "version": "latest",
      "dependencies": {},
      "lang": "js",
      "fileLocks": [
        {
          "type": "globalVariant",
          "assetId": "7bW5PLqcuYYi8",
          "checksum": "10c6ee2b220d9fa7c698cb96b380dcad"
        },
        {
          "type": "renderModule",
          "assetId": "5FwQ19pZOli60",
          "checksum": "2d5113b89aa166ffa79b87e918c28e10"
        },
        {
          "type": "cssRules",
          "assetId": "5FwQ19pZOli60",
          "checksum": "2d5113b89aa166ffa79b87e918c28e10"
        },
        {
          "type": "renderModule",
          "assetId": "gOQp-CGr-v4LV",
          "checksum": "b378365e570bb4b868bb7d1e11e4a859"
        },
        {
          "type": "cssRules",
          "assetId": "gOQp-CGr-v4LV",
          "checksum": "b378365e570bb4b868bb7d1e11e4a859"
        },
        {
          "type": "renderModule",
          "assetId": "ZOATDhZ75qvqt",
          "checksum": "d138cdf331fecabf2da90f856f0c228c"
        },
        {
          "type": "cssRules",
          "assetId": "ZOATDhZ75qvqt",
          "checksum": "d138cdf331fecabf2da90f856f0c228c"
        },
        {
          "type": "renderModule",
          "assetId": "RjfmIpTZ30ae9",
          "checksum": "7e9e47bcb033824abc4813c8602f9202"
        },
        {
          "type": "cssRules",
          "assetId": "RjfmIpTZ30ae9",
          "checksum": "7e9e47bcb033824abc4813c8602f9202"
        },
        {
          "type": "renderModule",
          "assetId": "xkNjn04c8KLci",
          "checksum": "91cf0005a292a4435b384bf075ea26b1"
        },
        {
          "type": "cssRules",
          "assetId": "xkNjn04c8KLci",
          "checksum": "91cf0005a292a4435b384bf075ea26b1"
        },
        {
          "assetId": "4i89zEd2mZSwh8sdV1ACi1",
          "type": "projectCss",
          "checksum": "1eff7f62309b95a4758e99ba37361659"
        }
      ],
      "codegenVersion": "0.0.1"
    }
  ],
  "cliVersion": "0.1.184"
}
