{
  "projects": [
    {
      "projectId": "4i89zEd2mZSwh8sdV1ACi1",
      "version": "latest",
      "dependencies": {},
      "lang": "js",
      "fileLocks": [
        {
          "type": "globalVariant",
          "assetId": "7bW5PLqcuYYi8",
          "checksum": "10c6ee2b220d9fa7c698cb96b380dcad"
        },
        {
          "type": "renderModule",
          "assetId": "5FwQ19pZOli60",
          "checksum": "3759ec3038c7c0f2bbd78f8dd6142e5c"
        },
        {
          "type": "cssRules",
          "assetId": "5FwQ19pZOli60",
          "checksum": "3759ec3038c7c0f2bbd78f8dd6142e5c"
        },
        {
          "type": "renderModule",
          "assetId": "gOQp-CGr-v4LV",
          "checksum": "b378365e570bb4b868bb7d1e11e4a859"
        },
        {
          "type": "cssRules",
          "assetId": "gOQp-CGr-v4LV",
          "checksum": "b378365e570bb4b868bb7d1e11e4a859"
        },
        {
          "type": "renderModule",
          "assetId": "ZOATDhZ75qvqt",
          "checksum": "d138cdf331fecabf2da90f856f0c228c"
        },
        {
          "type": "cssRules",
          "assetId": "ZOATDhZ75qvqt",
          "checksum": "d138cdf331fecabf2da90f856f0c228c"
        },
        {
          "type": "renderModule",
          "assetId": "RjfmIpTZ30ae9",
          "checksum": "eedcddd4284bf46925f7183cfd3c584c"
        },
        {
          "type": "cssRules",
          "assetId": "RjfmIpTZ30ae9",
          "checksum": "eedcddd4284bf46925f7183cfd3c584c"
        },
        {
          "type": "renderModule",
          "assetId": "xkNjn04c8KLci",
          "checksum": "91cf0005a292a4435b384bf075ea26b1"
        },
        {
          "type": "cssRules",
          "assetId": "xkNjn04c8KLci",
          "checksum": "91cf0005a292a4435b384bf075ea26b1"
        },
        {
          "assetId": "4i89zEd2mZSwh8sdV1ACi1",
          "type": "projectCss",
          "checksum": "7eb69b6720c32d06f70a0ce815054600"
        }
      ],
      "codegenVersion": "0.0.1"
    }
  ],
  "cliVersion": "0.1.184"
}
